
Microsoft Visual Studio Solution File, Format Version 12.00
# Visual Studio 15
Project("{FAE04EC0-301F-11D3-BF4B-00C04F79EFBC}") = "UnityEngine.UI", "UnityEngine.UI.csproj", "{60F814B0-8FD6-A91F-4269-FF0164197E14}"
EndProject
Project("{FAE04EC0-301F-11D3-BF4B-00C04F79EFBC}") = "UnityEngine.TestRunner", "UnityEngine.TestRunner.csproj", "{DBD0EDE2-1E06-3251-68F7-D8864F597C5C}"
EndProject
Project("{FAE04EC0-301F-11D3-BF4B-00C04F79EFBC}") = "Unity.Mathematics", "Unity.Mathematics.csproj", "{F73034D7-6525-780B-05E6-0068123B955D}"
EndProject
Project("{FAE04EC0-301F-11D3-BF4B-00C04F79EFBC}") = "Unity.2D.Animation.Triangle.Runtime", "Unity.2D.Animation.Triangle.Runtime.csproj", "{C33FDE47-E4CC-8E06-0DBF-CC4447C7F38F}"
EndProject
Project("{FAE04EC0-301F-11D3-BF4B-00C04F79EFBC}") = "Unity.Timeline", "Unity.Timeline.csproj", "{49C91C79-6EFA-C75B-DEB8-AF4CC48AA54E}"
EndProject
Project("{FAE04EC0-301F-11D3-BF4B-00C04F79EFBC}") = "Unity.TextMeshPro", "Unity.TextMeshPro.csproj", "{3358FF69-9DCE-925B-1662-605B7A6D236C}"
EndProject
Project("{FAE04EC0-301F-11D3-BF4B-00C04F79EFBC}") = "Unity.2D.Animation.Runtime", "Unity.2D.Animation.Runtime.csproj", "{D13FC035-1A1D-029F-B1E4-C3F86A5A423A}"
EndProject
Project("{FAE04EC0-301F-11D3-BF4B-00C04F79EFBC}") = "Assembly-CSharp", "Assembly-CSharp.csproj", "{7A2C50D9-E1E8-76AC-019F-F4D813B4A5B3}"
EndProject
Project("{FAE04EC0-301F-11D3-BF4B-00C04F79EFBC}") = "Unity.2D.IK.Runtime", "Unity.2D.IK.Runtime.csproj", "{4F53C8B8-657D-0214-1B11-3186CD70C7B0}"
EndProject
Project("{FAE04EC0-301F-11D3-BF4B-00C04F79EFBC}") = "Unity.2D.SpriteShape.Runtime", "Unity.2D.SpriteShape.Runtime.csproj", "{AB307A10-CE73-7F9F-857A-BE89B185D1C5}"
EndProject
Project("{FAE04EC0-301F-11D3-BF4B-00C04F79EFBC}") = "Unity.2D.PixelPerfect", "Unity.2D.PixelPerfect.csproj", "{973F2080-1264-036E-6A11-A14D5023FED3}"
EndProject
Project("{FAE04EC0-301F-11D3-BF4B-00C04F79EFBC}") = "Unity.2D.Common.Runtime", "Unity.2D.Common.Runtime.csproj", "{825A5629-1260-98FE-72E9-D2BFBDA36B75}"
EndProject
Project("{FAE04EC0-301F-11D3-BF4B-00C04F79EFBC}") = "Unity.InternalAPIEngineBridge.001", "Unity.InternalAPIEngineBridge.001.csproj", "{9A285FAD-26FA-177D-602E-35AA651E84B6}"
EndProject
Project("{FAE04EC0-301F-11D3-BF4B-00C04F79EFBC}") = "UnityEditor.TestRunner", "UnityEditor.TestRunner.csproj", "{CB34E245-DC8D-F67F-AC79-85333A450EB0}"
EndProject
Project("{FAE04EC0-301F-11D3-BF4B-00C04F79EFBC}") = "Unity.PlasticSCM.Editor", "Unity.PlasticSCM.Editor.csproj", "{0AECDA4A-2093-64F1-AD4D-E8B808A0AB2A}"
EndProject
Project("{FAE04EC0-301F-11D3-BF4B-00C04F79EFBC}") = "UnityEditor.UI", "UnityEditor.UI.csproj", "{03FA48F2-A35B-CADE-C62F-68CE80D64F05}"
EndProject
Project("{FAE04EC0-301F-11D3-BF4B-00C04F79EFBC}") = "Unity.Services.Core.Editor", "Unity.Services.Core.Editor.csproj", "{210B14ED-AF27-E485-B0AB-784B37107F5B}"
EndProject
Project("{FAE04EC0-301F-11D3-BF4B-00C04F79EFBC}") = "Unity.Timeline.Editor", "Unity.Timeline.Editor.csproj", "{6A95476F-121F-72EE-79FC-D19D0080E2D0}"
EndProject
Project("{FAE04EC0-301F-11D3-BF4B-00C04F79EFBC}") = "Unity.VisualStudio.Editor", "Unity.VisualStudio.Editor.csproj", "{C8154B53-531E-ACD2-5C95-A70238D9844E}"
EndProject
Project("{FAE04EC0-301F-11D3-BF4B-00C04F79EFBC}") = "Unity.2D.Psdimporter.Editor", "Unity.2D.Psdimporter.Editor.csproj", "{B06F5360-ABE0-B1DF-8A78-80111CF116D9}"
EndProject
Project("{FAE04EC0-301F-11D3-BF4B-00C04F79EFBC}") = "Unity.2D.Animation.Editor", "Unity.2D.Animation.Editor.csproj", "{473819CC-AF87-53BC-74C3-8032435EBA36}"
EndProject
Project("{FAE04EC0-301F-11D3-BF4B-00C04F79EFBC}") = "Unity.TextMeshPro.Editor", "Unity.TextMeshPro.Editor.csproj", "{0A3FEE29-384B-6A68-208C-0C43741E8B91}"
EndProject
Project("{FAE04EC0-301F-11D3-BF4B-00C04F79EFBC}") = "Unity.2D.SpriteShape.Editor", "Unity.2D.SpriteShape.Editor.csproj", "{1344659C-EBBB-66D5-948F-6DD4F1961832}"
EndProject
Project("{FAE04EC0-301F-11D3-BF4B-00C04F79EFBC}") = "Unity.CollabProxy.Editor", "Unity.CollabProxy.Editor.csproj", "{3F02FD09-AC6A-3B02-EE48-74B1135C6D10}"
EndProject
Project("{FAE04EC0-301F-11D3-BF4B-00C04F79EFBC}") = "PsdPlugin", "PsdPlugin.csproj", "{0773A677-AC00-E5AE-C44D-FFA19D2999CC}"
EndProject
Project("{FAE04EC0-301F-11D3-BF4B-00C04F79EFBC}") = "Unity.2D.Path.Editor", "Unity.2D.Path.Editor.csproj", "{DC43E47C-B9EB-DF08-D5EF-8646182EB1D4}"
EndProject
Project("{FAE04EC0-301F-11D3-BF4B-00C04F79EFBC}") = "Unity.Rider.Editor", "Unity.Rider.Editor.csproj", "{F864D78B-7DB2-D27A-D9C4-EBEC6B652123}"
EndProject
Project("{FAE04EC0-301F-11D3-BF4B-00C04F79EFBC}") = "Unity.2D.IK.Editor", "Unity.2D.IK.Editor.csproj", "{32E08D6C-7529-9875-67C4-46725DF5E7A6}"
EndProject
Project("{FAE04EC0-301F-11D3-BF4B-00C04F79EFBC}") = "Unity.2D.Sprite.Editor", "Unity.2D.Sprite.Editor.csproj", "{5FBD7D67-50BB-AE5A-C0BD-2D4C1D873A6F}"
EndProject
Project("{FAE04EC0-301F-11D3-BF4B-00C04F79EFBC}") = "Unity.2D.Tilemap.Editor", "Unity.2D.Tilemap.Editor.csproj", "{5792CAA1-C7A6-17C9-683E-92821DECEBA3}"
EndProject
Project("{FAE04EC0-301F-11D3-BF4B-00C04F79EFBC}") = "Unity.2D.PixelPerfect.Editor", "Unity.2D.PixelPerfect.Editor.csproj", "{75FE3AA1-34C1-0120-6154-DF2B64CEF2C7}"
EndProject
Project("{FAE04EC0-301F-11D3-BF4B-00C04F79EFBC}") = "Unity.VSCode.Editor", "Unity.VSCode.Editor.csproj", "{B0C004B3-1A73-EC70-5D60-D640A3F90EAB}"
EndProject
Project("{FAE04EC0-301F-11D3-BF4B-00C04F79EFBC}") = "Unity.2D.Common.Editor", "Unity.2D.Common.Editor.csproj", "{500CC593-5F53-9818-29C7-7DCE54BB30B2}"
EndProject
Project("{FAE04EC0-301F-11D3-BF4B-00C04F79EFBC}") = "Unity.Mathematics.Editor", "Unity.Mathematics.Editor.csproj", "{D580E73C-B458-5C6C-A268-8F537E5C8D0A}"
EndProject
Project("{FAE04EC0-301F-11D3-BF4B-00C04F79EFBC}") = "Unity.InternalAPIEditorBridge.001", "Unity.InternalAPIEditorBridge.001.csproj", "{A7A59AFC-ED11-CA5B-6147-3AAAF1E44722}"
EndProject
Project("{FAE04EC0-301F-11D3-BF4B-00C04F79EFBC}") = "UnityEngine.UI", "UnityEngine.UI.Player.csproj", "{8383D70D-2417-F0E9-6F8C-D3E077150962}"
EndProject
Project("{FAE04EC0-301F-11D3-BF4B-00C04F79EFBC}") = "UnityEngine.TestRunner", "UnityEngine.TestRunner.Player.csproj", "{B2F17D82-0C3F-1AB2-ED43-3BADCA180C2A}"
EndProject
Project("{FAE04EC0-301F-11D3-BF4B-00C04F79EFBC}") = "Unity.Mathematics", "Unity.Mathematics.Player.csproj", "{BEA6F91B-FA30-FF04-8B2C-8649780619BC}"
EndProject
Project("{FAE04EC0-301F-11D3-BF4B-00C04F79EFBC}") = "Unity.2D.Animation.Triangle.Runtime", "Unity.2D.Animation.Triangle.Runtime.Player.csproj", "{C46121BD-B7EC-6C1F-1D0E-E88F207BA31A}"
EndProject
Project("{FAE04EC0-301F-11D3-BF4B-00C04F79EFBC}") = "Unity.Timeline", "Unity.Timeline.Player.csproj", "{52FADF30-E3A4-8E73-A9B6-1F9A287CAE79}"
EndProject
Project("{FAE04EC0-301F-11D3-BF4B-00C04F79EFBC}") = "Unity.TextMeshPro", "Unity.TextMeshPro.Player.csproj", "{16BC1BD3-DBF1-421C-B75E-068901B7BA49}"
EndProject
Project("{FAE04EC0-301F-11D3-BF4B-00C04F79EFBC}") = "Unity.2D.Animation.Runtime", "Unity.2D.Animation.Runtime.Player.csproj", "{CF730CDC-06C2-02B5-2699-15BF2BBFB865}"
EndProject
Project("{FAE04EC0-301F-11D3-BF4B-00C04F79EFBC}") = "Assembly-CSharp", "Assembly-CSharp.Player.csproj", "{FCCC6E0D-8898-8B6B-BC9C-5E9AD131EF13}"
EndProject
Project("{FAE04EC0-301F-11D3-BF4B-00C04F79EFBC}") = "Unity.2D.IK.Runtime", "Unity.2D.IK.Runtime.Player.csproj", "{620D5541-C878-90B0-B6C3-4775DF7C251B}"
EndProject
Project("{FAE04EC0-301F-11D3-BF4B-00C04F79EFBC}") = "Unity.2D.SpriteShape.Runtime", "Unity.2D.SpriteShape.Runtime.Player.csproj", "{D52F4DDA-1E90-4D4D-57E2-F0AAD59E2EF1}"
EndProject
Project("{FAE04EC0-301F-11D3-BF4B-00C04F79EFBC}") = "Unity.2D.PixelPerfect", "Unity.2D.PixelPerfect.Player.csproj", "{E61A8B3F-B5F8-D2B4-F610-DC16D5223B73}"
EndProject
Project("{FAE04EC0-301F-11D3-BF4B-00C04F79EFBC}") = "Unity.2D.Common.Runtime", "Unity.2D.Common.Runtime.Player.csproj", "{010B5172-7522-143E-E953-0AE1C17A7EFA}"
EndProject
Project("{FAE04EC0-301F-11D3-BF4B-00C04F79EFBC}") = "Unity.InternalAPIEngineBridge.001", "Unity.InternalAPIEngineBridge.001.Player.csproj", "{013DB102-A4E1-61B8-705E-6B6746FD3DC6}"
EndProject
Global
	GlobalSection(SolutionConfigurationPlatforms) = preSolution
		Debug|Any CPU = Debug|Any CPU
		Release|Any CPU = Release|Any CPU
	EndGlobalSection
	GlobalSection(ProjectConfigurationPlatforms) = postSolution
		{60F814B0-8FD6-A91F-4269-FF0164197E14}.Debug|Any CPU.ActiveCfg = Debug|Any CPU
		{60F814B0-8FD6-A91F-4269-FF0164197E14}.Debug|Any CPU.Build.0 = Debug|Any CPU
		{60F814B0-8FD6-A91F-4269-FF0164197E14}.Release|Any CPU.ActiveCfg = Release|Any CPU
		{60F814B0-8FD6-A91F-4269-FF0164197E14}.Release|Any CPU.Build.0 = Release|Any CPU
		{DBD0EDE2-1E06-3251-68F7-D8864F597C5C}.Debug|Any CPU.ActiveCfg = Debug|Any CPU
		{DBD0EDE2-1E06-3251-68F7-D8864F597C5C}.Debug|Any CPU.Build.0 = Debug|Any CPU
		{DBD0EDE2-1E06-3251-68F7-D8864F597C5C}.Release|Any CPU.ActiveCfg = Release|Any CPU
		{DBD0EDE2-1E06-3251-68F7-D8864F597C5C}.Release|Any CPU.Build.0 = Release|Any CPU
		{F73034D7-6525-780B-05E6-0068123B955D}.Debug|Any CPU.ActiveCfg = Debug|Any CPU
		{F73034D7-6525-780B-05E6-0068123B955D}.Debug|Any CPU.Build.0 = Debug|Any CPU
		{F73034D7-6525-780B-05E6-0068123B955D}.Release|Any CPU.ActiveCfg = Release|Any CPU
		{F73034D7-6525-780B-05E6-0068123B955D}.Release|Any CPU.Build.0 = Release|Any CPU
		{C33FDE47-E4CC-8E06-0DBF-CC4447C7F38F}.Debug|Any CPU.ActiveCfg = Debug|Any CPU
		{C33FDE47-E4CC-8E06-0DBF-CC4447C7F38F}.Debug|Any CPU.Build.0 = Debug|Any CPU
		{C33FDE47-E4CC-8E06-0DBF-CC4447C7F38F}.Release|Any CPU.ActiveCfg = Release|Any CPU
		{C33FDE47-E4CC-8E06-0DBF-CC4447C7F38F}.Release|Any CPU.Build.0 = Release|Any CPU
		{49C91C79-6EFA-C75B-DEB8-AF4CC48AA54E}.Debug|Any CPU.ActiveCfg = Debug|Any CPU
		{49C91C79-6EFA-C75B-DEB8-AF4CC48AA54E}.Debug|Any CPU.Build.0 = Debug|Any CPU
		{49C91C79-6EFA-C75B-DEB8-AF4CC48AA54E}.Release|Any CPU.ActiveCfg = Release|Any CPU
		{49C91C79-6EFA-C75B-DEB8-AF4CC48AA54E}.Release|Any CPU.Build.0 = Release|Any CPU
		{3358FF69-9DCE-925B-1662-605B7A6D236C}.Debug|Any CPU.ActiveCfg = Debug|Any CPU
		{3358FF69-9DCE-925B-1662-605B7A6D236C}.Debug|Any CPU.Build.0 = Debug|Any CPU
		{3358FF69-9DCE-925B-1662-605B7A6D236C}.Release|Any CPU.ActiveCfg = Release|Any CPU
		{3358FF69-9DCE-925B-1662-605B7A6D236C}.Release|Any CPU.Build.0 = Release|Any CPU
		{D13FC035-1A1D-029F-B1E4-C3F86A5A423A}.Debug|Any CPU.ActiveCfg = Debug|Any CPU
		{D13FC035-1A1D-029F-B1E4-C3F86A5A423A}.Debug|Any CPU.Build.0 = Debug|Any CPU
		{D13FC035-1A1D-029F-B1E4-C3F86A5A423A}.Release|Any CPU.ActiveCfg = Release|Any CPU
		{D13FC035-1A1D-029F-B1E4-C3F86A5A423A}.Release|Any CPU.Build.0 = Release|Any CPU
		{7A2C50D9-E1E8-76AC-019F-F4D813B4A5B3}.Debug|Any CPU.ActiveCfg = Debug|Any CPU
		{7A2C50D9-E1E8-76AC-019F-F4D813B4A5B3}.Debug|Any CPU.Build.0 = Debug|Any CPU
		{7A2C50D9-E1E8-76AC-019F-F4D813B4A5B3}.Release|Any CPU.ActiveCfg = Release|Any CPU
		{7A2C50D9-E1E8-76AC-019F-F4D813B4A5B3}.Release|Any CPU.Build.0 = Release|Any CPU
		{4F53C8B8-657D-0214-1B11-3186CD70C7B0}.Debug|Any CPU.ActiveCfg = Debug|Any CPU
		{4F53C8B8-657D-0214-1B11-3186CD70C7B0}.Debug|Any CPU.Build.0 = Debug|Any CPU
		{4F53C8B8-657D-0214-1B11-3186CD70C7B0}.Release|Any CPU.ActiveCfg = Release|Any CPU
		{4F53C8B8-657D-0214-1B11-3186CD70C7B0}.Release|Any CPU.Build.0 = Release|Any CPU
		{AB307A10-CE73-7F9F-857A-BE89B185D1C5}.Debug|Any CPU.ActiveCfg = Debug|Any CPU
		{AB307A10-CE73-7F9F-857A-BE89B185D1C5}.Debug|Any CPU.Build.0 = Debug|Any CPU
		{AB307A10-CE73-7F9F-857A-BE89B185D1C5}.Release|Any CPU.ActiveCfg = Release|Any CPU
		{AB307A10-CE73-7F9F-857A-BE89B185D1C5}.Release|Any CPU.Build.0 = Release|Any CPU
		{973F2080-1264-036E-6A11-A14D5023FED3}.Debug|Any CPU.ActiveCfg = Debug|Any CPU
		{973F2080-1264-036E-6A11-A14D5023FED3}.Debug|Any CPU.Build.0 = Debug|Any CPU
		{973F2080-1264-036E-6A11-A14D5023FED3}.Release|Any CPU.ActiveCfg = Release|Any CPU
		{973F2080-1264-036E-6A11-A14D5023FED3}.Release|Any CPU.Build.0 = Release|Any CPU
		{825A5629-1260-98FE-72E9-D2BFBDA36B75}.Debug|Any CPU.ActiveCfg = Debug|Any CPU
		{825A5629-1260-98FE-72E9-D2BFBDA36B75}.Debug|Any CPU.Build.0 = Debug|Any CPU
		{825A5629-1260-98FE-72E9-D2BFBDA36B75}.Release|Any CPU.ActiveCfg = Release|Any CPU
		{825A5629-1260-98FE-72E9-D2BFBDA36B75}.Release|Any CPU.Build.0 = Release|Any CPU
		{9A285FAD-26FA-177D-602E-35AA651E84B6}.Debug|Any CPU.ActiveCfg = Debug|Any CPU
		{9A285FAD-26FA-177D-602E-35AA651E84B6}.Debug|Any CPU.Build.0 = Debug|Any CPU
		{9A285FAD-26FA-177D-602E-35AA651E84B6}.Release|Any CPU.ActiveCfg = Release|Any CPU
		{9A285FAD-26FA-177D-602E-35AA651E84B6}.Release|Any CPU.Build.0 = Release|Any CPU
		{CB34E245-DC8D-F67F-AC79-85333A450EB0}.Debug|Any CPU.ActiveCfg = Debug|Any CPU
		{CB34E245-DC8D-F67F-AC79-85333A450EB0}.Debug|Any CPU.Build.0 = Debug|Any CPU
		{CB34E245-DC8D-F67F-AC79-85333A450EB0}.Release|Any CPU.ActiveCfg = Release|Any CPU
		{CB34E245-DC8D-F67F-AC79-85333A450EB0}.Release|Any CPU.Build.0 = Release|Any CPU
		{0AECDA4A-2093-64F1-AD4D-E8B808A0AB2A}.Debug|Any CPU.ActiveCfg = Debug|Any CPU
		{0AECDA4A-2093-64F1-AD4D-E8B808A0AB2A}.Debug|Any CPU.Build.0 = Debug|Any CPU
		{0AECDA4A-2093-64F1-AD4D-E8B808A0AB2A}.Release|Any CPU.ActiveCfg = Release|Any CPU
		{0AECDA4A-2093-64F1-AD4D-E8B808A0AB2A}.Release|Any CPU.Build.0 = Release|Any CPU
		{03FA48F2-A35B-CADE-C62F-68CE80D64F05}.Debug|Any CPU.ActiveCfg = Debug|Any CPU
		{03FA48F2-A35B-CADE-C62F-68CE80D64F05}.Debug|Any CPU.Build.0 = Debug|Any CPU
		{03FA48F2-A35B-CADE-C62F-68CE80D64F05}.Release|Any CPU.ActiveCfg = Release|Any CPU
		{03FA48F2-A35B-CADE-C62F-68CE80D64F05}.Release|Any CPU.Build.0 = Release|Any CPU
		{210B14ED-AF27-E485-B0AB-784B37107F5B}.Debug|Any CPU.ActiveCfg = Debug|Any CPU
		{210B14ED-AF27-E485-B0AB-784B37107F5B}.Debug|Any CPU.Build.0 = Debug|Any CPU
		{210B14ED-AF27-E485-B0AB-784B37107F5B}.Release|Any CPU.ActiveCfg = Release|Any CPU
		{210B14ED-AF27-E485-B0AB-784B37107F5B}.Release|Any CPU.Build.0 = Release|Any CPU
		{6A95476F-121F-72EE-79FC-D19D0080E2D0}.Debug|Any CPU.ActiveCfg = Debug|Any CPU
		{6A95476F-121F-72EE-79FC-D19D0080E2D0}.Debug|Any CPU.Build.0 = Debug|Any CPU
		{6A95476F-121F-72EE-79FC-D19D0080E2D0}.Release|Any CPU.ActiveCfg = Release|Any CPU
		{6A95476F-121F-72EE-79FC-D19D0080E2D0}.Release|Any CPU.Build.0 = Release|Any CPU
		{C8154B53-531E-ACD2-5C95-A70238D9844E}.Debug|Any CPU.ActiveCfg = Debug|Any CPU
		{C8154B53-531E-ACD2-5C95-A70238D9844E}.Debug|Any CPU.Build.0 = Debug|Any CPU
		{C8154B53-531E-ACD2-5C95-A70238D9844E}.Release|Any CPU.ActiveCfg = Release|Any CPU
		{C8154B53-531E-ACD2-5C95-A70238D9844E}.Release|Any CPU.Build.0 = Release|Any CPU
		{B06F5360-ABE0-B1DF-8A78-80111CF116D9}.Debug|Any CPU.ActiveCfg = Debug|Any CPU
		{B06F5360-ABE0-B1DF-8A78-80111CF116D9}.Debug|Any CPU.Build.0 = Debug|Any CPU
		{B06F5360-ABE0-B1DF-8A78-80111CF116D9}.Release|Any CPU.ActiveCfg = Release|Any CPU
		{B06F5360-ABE0-B1DF-8A78-80111CF116D9}.Release|Any CPU.Build.0 = Release|Any CPU
		{473819CC-AF87-53BC-74C3-8032435EBA36}.Debug|Any CPU.ActiveCfg = Debug|Any CPU
		{473819CC-AF87-53BC-74C3-8032435EBA36}.Debug|Any CPU.Build.0 = Debug|Any CPU
		{473819CC-AF87-53BC-74C3-8032435EBA36}.Release|Any CPU.ActiveCfg = Release|Any CPU
		{473819CC-AF87-53BC-74C3-8032435EBA36}.Release|Any CPU.Build.0 = Release|Any CPU
		{0A3FEE29-384B-6A68-208C-0C43741E8B91}.Debug|Any CPU.ActiveCfg = Debug|Any CPU
		{0A3FEE29-384B-6A68-208C-0C43741E8B91}.Debug|Any CPU.Build.0 = Debug|Any CPU
		{0A3FEE29-384B-6A68-208C-0C43741E8B91}.Release|Any CPU.ActiveCfg = Release|Any CPU
		{0A3FEE29-384B-6A68-208C-0C43741E8B91}.Release|Any CPU.Build.0 = Release|Any CPU
		{1344659C-EBBB-66D5-948F-6DD4F1961832}.Debug|Any CPU.ActiveCfg = Debug|Any CPU
		{1344659C-EBBB-66D5-948F-6DD4F1961832}.Debug|Any CPU.Build.0 = Debug|Any CPU
		{1344659C-EBBB-66D5-948F-6DD4F1961832}.Release|Any CPU.ActiveCfg = Release|Any CPU
		{1344659C-EBBB-66D5-948F-6DD4F1961832}.Release|Any CPU.Build.0 = Release|Any CPU
		{3F02FD09-AC6A-3B02-EE48-74B1135C6D10}.Debug|Any CPU.ActiveCfg = Debug|Any CPU
		{3F02FD09-AC6A-3B02-EE48-74B1135C6D10}.Debug|Any CPU.Build.0 = Debug|Any CPU
		{3F02FD09-AC6A-3B02-EE48-74B1135C6D10}.Release|Any CPU.ActiveCfg = Release|Any CPU
		{3F02FD09-AC6A-3B02-EE48-74B1135C6D10}.Release|Any CPU.Build.0 = Release|Any CPU
		{0773A677-AC00-E5AE-C44D-FFA19D2999CC}.Debug|Any CPU.ActiveCfg = Debug|Any CPU
		{0773A677-AC00-E5AE-C44D-FFA19D2999CC}.Debug|Any CPU.Build.0 = Debug|Any CPU
		{0773A677-AC00-E5AE-C44D-FFA19D2999CC}.Release|Any CPU.ActiveCfg = Release|Any CPU
		{0773A677-AC00-E5AE-C44D-FFA19D2999CC}.Release|Any CPU.Build.0 = Release|Any CPU
		{DC43E47C-B9EB-DF08-D5EF-8646182EB1D4}.Debug|Any CPU.ActiveCfg = Debug|Any CPU
		{DC43E47C-B9EB-DF08-D5EF-8646182EB1D4}.Debug|Any CPU.Build.0 = Debug|Any CPU
		{DC43E47C-B9EB-DF08-D5EF-8646182EB1D4}.Release|Any CPU.ActiveCfg = Release|Any CPU
		{DC43E47C-B9EB-DF08-D5EF-8646182EB1D4}.Release|Any CPU.Build.0 = Release|Any CPU
		{F864D78B-7DB2-D27A-D9C4-EBEC6B652123}.Debug|Any CPU.ActiveCfg = Debug|Any CPU
		{F864D78B-7DB2-D27A-D9C4-EBEC6B652123}.Debug|Any CPU.Build.0 = Debug|Any CPU
		{F864D78B-7DB2-D27A-D9C4-EBEC6B652123}.Release|Any CPU.ActiveCfg = Release|Any CPU
		{F864D78B-7DB2-D27A-D9C4-EBEC6B652123}.Release|Any CPU.Build.0 = Release|Any CPU
		{32E08D6C-7529-9875-67C4-46725DF5E7A6}.Debug|Any CPU.ActiveCfg = Debug|Any CPU
		{32E08D6C-7529-9875-67C4-46725DF5E7A6}.Debug|Any CPU.Build.0 = Debug|Any CPU
		{32E08D6C-7529-9875-67C4-46725DF5E7A6}.Release|Any CPU.ActiveCfg = Release|Any CPU
		{32E08D6C-7529-9875-67C4-46725DF5E7A6}.Release|Any CPU.Build.0 = Release|Any CPU
		{5FBD7D67-50BB-AE5A-C0BD-2D4C1D873A6F}.Debug|Any CPU.ActiveCfg = Debug|Any CPU
		{5FBD7D67-50BB-AE5A-C0BD-2D4C1D873A6F}.Debug|Any CPU.Build.0 = Debug|Any CPU
		{5FBD7D67-50BB-AE5A-C0BD-2D4C1D873A6F}.Release|Any CPU.ActiveCfg = Release|Any CPU
		{5FBD7D67-50BB-AE5A-C0BD-2D4C1D873A6F}.Release|Any CPU.Build.0 = Release|Any CPU
		{5792CAA1-C7A6-17C9-683E-92821DECEBA3}.Debug|Any CPU.ActiveCfg = Debug|Any CPU
		{5792CAA1-C7A6-17C9-683E-92821DECEBA3}.Debug|Any CPU.Build.0 = Debug|Any CPU
		{5792CAA1-C7A6-17C9-683E-92821DECEBA3}.Release|Any CPU.ActiveCfg = Release|Any CPU
		{5792CAA1-C7A6-17C9-683E-92821DECEBA3}.Release|Any CPU.Build.0 = Release|Any CPU
		{75FE3AA1-34C1-0120-6154-DF2B64CEF2C7}.Debug|Any CPU.ActiveCfg = Debug|Any CPU
		{75FE3AA1-34C1-0120-6154-DF2B64CEF2C7}.Debug|Any CPU.Build.0 = Debug|Any CPU
		{75FE3AA1-34C1-0120-6154-DF2B64CEF2C7}.Release|Any CPU.ActiveCfg = Release|Any CPU
		{75FE3AA1-34C1-0120-6154-DF2B64CEF2C7}.Release|Any CPU.Build.0 = Release|Any CPU
		{B0C004B3-1A73-EC70-5D60-D640A3F90EAB}.Debug|Any CPU.ActiveCfg = Debug|Any CPU
		{B0C004B3-1A73-EC70-5D60-D640A3F90EAB}.Debug|Any CPU.Build.0 = Debug|Any CPU
		{B0C004B3-1A73-EC70-5D60-D640A3F90EAB}.Release|Any CPU.ActiveCfg = Release|Any CPU
		{B0C004B3-1A73-EC70-5D60-D640A3F90EAB}.Release|Any CPU.Build.0 = Release|Any CPU
		{500CC593-5F53-9818-29C7-7DCE54BB30B2}.Debug|Any CPU.ActiveCfg = Debug|Any CPU
		{500CC593-5F53-9818-29C7-7DCE54BB30B2}.Debug|Any CPU.Build.0 = Debug|Any CPU
		{500CC593-5F53-9818-29C7-7DCE54BB30B2}.Release|Any CPU.ActiveCfg = Release|Any CPU
		{500CC593-5F53-9818-29C7-7DCE54BB30B2}.Release|Any CPU.Build.0 = Release|Any CPU
		{D580E73C-B458-5C6C-A268-8F537E5C8D0A}.Debug|Any CPU.ActiveCfg = Debug|Any CPU
		{D580E73C-B458-5C6C-A268-8F537E5C8D0A}.Debug|Any CPU.Build.0 = Debug|Any CPU
		{D580E73C-B458-5C6C-A268-8F537E5C8D0A}.Release|Any CPU.ActiveCfg = Release|Any CPU
		{D580E73C-B458-5C6C-A268-8F537E5C8D0A}.Release|Any CPU.Build.0 = Release|Any CPU
		{A7A59AFC-ED11-CA5B-6147-3AAAF1E44722}.Debug|Any CPU.ActiveCfg = Debug|Any CPU
		{A7A59AFC-ED11-CA5B-6147-3AAAF1E44722}.Debug|Any CPU.Build.0 = Debug|Any CPU
		{A7A59AFC-ED11-CA5B-6147-3AAAF1E44722}.Release|Any CPU.ActiveCfg = Release|Any CPU
		{A7A59AFC-ED11-CA5B-6147-3AAAF1E44722}.Release|Any CPU.Build.0 = Release|Any CPU
		{8383D70D-2417-F0E9-6F8C-D3E077150962}.Debug|Any CPU.ActiveCfg = Debug|Any CPU
		{8383D70D-2417-F0E9-6F8C-D3E077150962}.Debug|Any CPU.Build.0 = Debug|Any CPU
		{8383D70D-2417-F0E9-6F8C-D3E077150962}.Release|Any CPU.ActiveCfg = Release|Any CPU
		{8383D70D-2417-F0E9-6F8C-D3E077150962}.Release|Any CPU.Build.0 = Release|Any CPU
		{B2F17D82-0C3F-1AB2-ED43-3BADCA180C2A}.Debug|Any CPU.ActiveCfg = Debug|Any CPU
		{B2F17D82-0C3F-1AB2-ED43-3BADCA180C2A}.Debug|Any CPU.Build.0 = Debug|Any CPU
		{B2F17D82-0C3F-1AB2-ED43-3BADCA180C2A}.Release|Any CPU.ActiveCfg = Release|Any CPU
		{B2F17D82-0C3F-1AB2-ED43-3BADCA180C2A}.Release|Any CPU.Build.0 = Release|Any CPU
		{BEA6F91B-FA30-FF04-8B2C-8649780619BC}.Debug|Any CPU.ActiveCfg = Debug|Any CPU
		{BEA6F91B-FA30-FF04-8B2C-8649780619BC}.Debug|Any CPU.Build.0 = Debug|Any CPU
		{BEA6F91B-FA30-FF04-8B2C-8649780619BC}.Release|Any CPU.ActiveCfg = Release|Any CPU
		{BEA6F91B-FA30-FF04-8B2C-8649780619BC}.Release|Any CPU.Build.0 = Release|Any CPU
		{C46121BD-B7EC-6C1F-1D0E-E88F207BA31A}.Debug|Any CPU.ActiveCfg = Debug|Any CPU
		{C46121BD-B7EC-6C1F-1D0E-E88F207BA31A}.Debug|Any CPU.Build.0 = Debug|Any CPU
		{C46121BD-B7EC-6C1F-1D0E-E88F207BA31A}.Release|Any CPU.ActiveCfg = Release|Any CPU
		{C46121BD-B7EC-6C1F-1D0E-E88F207BA31A}.Release|Any CPU.Build.0 = Release|Any CPU
		{52FADF30-E3A4-8E73-A9B6-1F9A287CAE79}.Debug|Any CPU.ActiveCfg = Debug|Any CPU
		{52FADF30-E3A4-8E73-A9B6-1F9A287CAE79}.Debug|Any CPU.Build.0 = Debug|Any CPU
		{52FADF30-E3A4-8E73-A9B6-1F9A287CAE79}.Release|Any CPU.ActiveCfg = Release|Any CPU
		{52FADF30-E3A4-8E73-A9B6-1F9A287CAE79}.Release|Any CPU.Build.0 = Release|Any CPU
		{16BC1BD3-DBF1-421C-B75E-068901B7BA49}.Debug|Any CPU.ActiveCfg = Debug|Any CPU
		{16BC1BD3-DBF1-421C-B75E-068901B7BA49}.Debug|Any CPU.Build.0 = Debug|Any CPU
		{16BC1BD3-DBF1-421C-B75E-068901B7BA49}.Release|Any CPU.ActiveCfg = Release|Any CPU
		{16BC1BD3-DBF1-421C-B75E-068901B7BA49}.Release|Any CPU.Build.0 = Release|Any CPU
		{CF730CDC-06C2-02B5-2699-15BF2BBFB865}.Debug|Any CPU.ActiveCfg = Debug|Any CPU
		{CF730CDC-06C2-02B5-2699-15BF2BBFB865}.Debug|Any CPU.Build.0 = Debug|Any CPU
		{CF730CDC-06C2-02B5-2699-15BF2BBFB865}.Release|Any CPU.ActiveCfg = Release|Any CPU
		{CF730CDC-06C2-02B5-2699-15BF2BBFB865}.Release|Any CPU.Build.0 = Release|Any CPU
		{FCCC6E0D-8898-8B6B-BC9C-5E9AD131EF13}.Debug|Any CPU.ActiveCfg = Debug|Any CPU
		{FCCC6E0D-8898-8B6B-BC9C-5E9AD131EF13}.Debug|Any CPU.Build.0 = Debug|Any CPU
		{FCCC6E0D-8898-8B6B-BC9C-5E9AD131EF13}.Release|Any CPU.ActiveCfg = Release|Any CPU
		{FCCC6E0D-8898-8B6B-BC9C-5E9AD131EF13}.Release|Any CPU.Build.0 = Release|Any CPU
		{620D5541-C878-90B0-B6C3-4775DF7C251B}.Debug|Any CPU.ActiveCfg = Debug|Any CPU
		{620D5541-C878-90B0-B6C3-4775DF7C251B}.Debug|Any CPU.Build.0 = Debug|Any CPU
		{620D5541-C878-90B0-B6C3-4775DF7C251B}.Release|Any CPU.ActiveCfg = Release|Any CPU
		{620D5541-C878-90B0-B6C3-4775DF7C251B}.Release|Any CPU.Build.0 = Release|Any CPU
		{D52F4DDA-1E90-4D4D-57E2-F0AAD59E2EF1}.Debug|Any CPU.ActiveCfg = Debug|Any CPU
		{D52F4DDA-1E90-4D4D-57E2-F0AAD59E2EF1}.Debug|Any CPU.Build.0 = Debug|Any CPU
		{D52F4DDA-1E90-4D4D-57E2-F0AAD59E2EF1}.Release|Any CPU.ActiveCfg = Release|Any CPU
		{D52F4DDA-1E90-4D4D-57E2-F0AAD59E2EF1}.Release|Any CPU.Build.0 = Release|Any CPU
		{E61A8B3F-B5F8-D2B4-F610-DC16D5223B73}.Debug|Any CPU.ActiveCfg = Debug|Any CPU
		{E61A8B3F-B5F8-D2B4-F610-DC16D5223B73}.Debug|Any CPU.Build.0 = Debug|Any CPU
		{E61A8B3F-B5F8-D2B4-F610-DC16D5223B73}.Release|Any CPU.ActiveCfg = Release|Any CPU
		{E61A8B3F-B5F8-D2B4-F610-DC16D5223B73}.Release|Any CPU.Build.0 = Release|Any CPU
		{010B5172-7522-143E-E953-0AE1C17A7EFA}.Debug|Any CPU.ActiveCfg = Debug|Any CPU
		{010B5172-7522-143E-E953-0AE1C17A7EFA}.Debug|Any CPU.Build.0 = Debug|Any CPU
		{010B5172-7522-143E-E953-0AE1C17A7EFA}.Release|Any CPU.ActiveCfg = Release|Any CPU
		{010B5172-7522-143E-E953-0AE1C17A7EFA}.Release|Any CPU.Build.0 = Release|Any CPU
		{013DB102-A4E1-61B8-705E-6B6746FD3DC6}.Debug|Any CPU.ActiveCfg = Debug|Any CPU
		{013DB102-A4E1-61B8-705E-6B6746FD3DC6}.Debug|Any CPU.Build.0 = Debug|Any CPU
		{013DB102-A4E1-61B8-705E-6B6746FD3DC6}.Release|Any CPU.ActiveCfg = Release|Any CPU
		{013DB102-A4E1-61B8-705E-6B6746FD3DC6}.Release|Any CPU.Build.0 = Release|Any CPU
	EndGlobalSection
	GlobalSection(SolutionProperties) = preSolution
		HideSolutionNode = FALSE
	EndGlobalSection
EndGlobal
